
Microsoft Visual Studio Solution File, Format Version 12.00
# Visual Studio 15
VisualStudioVersion = 15.0.28307.1300
MinimumVisualStudioVersion = 10.0.40219.1
Project("{FAE04EC0-301F-11D3-BF4B-00C04F79EFBC}") = "CustomIntro", "CustomIntro\CustomIntro.csproj", "{990F7891-13D2-460D-AF05-1C02A58090A7}"
EndProject
Global
	GlobalSection(SolutionConfigurationPlatforms) = preSolution
		Debug|Any CPU = Debug|Any CPU
		Release|Any CPU = Release|Any CPU
	EndGlobalSection
	GlobalSection(ProjectConfigurationPlatforms) = postSolution
		{990F7891-13D2-460D-AF05-1C02A58090A7}.Debug|Any CPU.ActiveCfg = Debug|Any CPU
		{990F7891-13D2-460D-AF05-1C02A58090A7}.Debug|Any CPU.Build.0 = Debug|Any CPU
		{990F7891-13D2-460D-AF05-1C02A58090A7}.Release|Any CPU.ActiveCfg = Release|Any CPU
		{990F7891-13D2-460D-AF05-1C02A58090A7}.Release|Any CPU.Build.0 = Release|Any CPU
	EndGlobalSection
	GlobalSection(SolutionProperties) = preSolution
		HideSolutionNode = FALSE
	EndGlobalSection
	GlobalSection(ExtensibilityGlobals) = postSolution
		SolutionGuid = {56F2C264-9D99-474E-8FAC-CC24DF18FC5A}
	EndGlobalSection
EndGlobal
